
Microsoft Visual Studio Solution File, Format Version 12.00
# Visual Studio Version 16
VisualStudioVersion = 16.0.29609.76
MinimumVisualStudioVersion = 10.0.40219.1
Project("{8BC9CEB8-8B4A-11D0-8D11-00A0C91BC942}") = "lab2", "lab2.vcxproj", "{530BACFE-44C8-451E-82F0-1785DAEAC437}"
EndProject
Global
	GlobalSection(SolutionConfigurationPlatforms) = preSolution
		Debug|x64 = Debug|x64
		Debug|x86 = Debug|x86
		Release|x64 = Release|x64
		Release|x86 = Release|x86
	EndGlobalSection
	GlobalSection(ProjectConfigurationPlatforms) = postSolution
		{530BACFE-44C8-451E-82F0-1785DAEAC437}.Debug|x64.ActiveCfg = Debug|x64
		{530BACFE-44C8-451E-82F0-1785DAEAC437}.Debug|x64.Build.0 = Debug|x64
		{530BACFE-44C8-451E-82F0-1785DAEAC437}.Debug|x86.ActiveCfg = Debug|Win32
		{530BACFE-44C8-451E-82F0-1785DAEAC437}.Debug|x86.Build.0 = Debug|Win32
		{530BACFE-44C8-451E-82F0-1785DAEAC437}.Release|x64.ActiveCfg = Release|x64
		{530BACFE-44C8-451E-82F0-1785DAEAC437}.Release|x64.Build.0 = Release|x64
		{530BACFE-44C8-451E-82F0-1785DAEAC437}.Release|x86.ActiveCfg = Release|Win32
		{530BACFE-44C8-451E-82F0-1785DAEAC437}.Release|x86.Build.0 = Release|Win32
	EndGlobalSection
	GlobalSection(SolutionProperties) = preSolution
		HideSolutionNode = FALSE
	EndGlobalSection
	GlobalSection(ExtensibilityGlobals) = postSolution
		SolutionGuid = {E5B3D146-9AD5-49F4-BD72-DA01A8182361}
	EndGlobalSection
EndGlobal
